{
  "requires": true,
  "lockfileVersion": 1,
  "dependencies": {
    "dom7": {
      "version": "4.0.1",
      "resolved": "https://registry.npmjs.org/dom7/-/dom7-4.0.1.tgz",
      "integrity": "sha512-y/RWjw3gK3qQnZz6IqDaIoqH6+xBhcB3Wsh5HFwl0abwuO/NAgbSB31ZbxtBDcuDe8jAX5NYUNDLTx4Ul48sIw==",
      "requires": {
        "ssr-window": "^4.0.0"
      }
    },
    "ssr-window": {
      "version": "4.0.1",
      "resolved": "https://registry.npmjs.org/ssr-window/-/ssr-window-4.0.1.tgz",
      "integrity": "sha512-5q936lkCk5Lg5hM6tG8Nutdym4vNiuFSWorslTzOn71PWb3Wnx44q/k2Ryn1LWA1G4FtxMzjywUFOiOxPkVGrA=="
    },
    "swiper": {
      "version": "7.3.1",
      "resolved": "https://registry.npmjs.org/swiper/-/swiper-7.3.1.tgz",
      "integrity": "sha512-YHa8uI22UwF9Q6F9tCDSai7/BJo8uVHKampKYAIShlFrWoHfM+sCCn24Yeq3oqIKZv2bfSULzXKsXmh0VpCNeQ==",
      "requires": {
        "dom7": "^4.0.1",
        "ssr-window": "^4.0.1"
      }
    }
  }
}
